
Microsoft Visual Studio Solution File, Format Version 12.00
# Visual Studio 15
VisualStudioVersion = 15.0.33026.149
MinimumVisualStudioVersion = 10.0.40219.1
Project("{FAE04EC0-301F-11D3-BF4B-00C04F79EFBC}") = "Loops", "Loops\Loops.csproj", "{7224204A-104B-4967-8541-A0DDE2881826}"
EndProject
Project("{FAE04EC0-301F-11D3-BF4B-00C04F79EFBC}") = "ConditionalStatementsHomework", "ConditionalStatementsHomework\ConditionalStatementsHomework.csproj", "{78757BF7-60E7-4646-A7E5-3D12C17AB111}"
EndProject
Project("{FAE04EC0-301F-11D3-BF4B-00C04F79EFBC}") = "Homework", "Homework\Homework.csproj", "{AABDDE00-021D-40B4-AD02-71DD3385E4F5}"
EndProject
Global
	GlobalSection(SolutionConfigurationPlatforms) = preSolution
		Debug|Any CPU = Debug|Any CPU
		Release|Any CPU = Release|Any CPU
	EndGlobalSection
	GlobalSection(ProjectConfigurationPlatforms) = postSolution
		{7224204A-104B-4967-8541-A0DDE2881826}.Debug|Any CPU.ActiveCfg = Debug|Any CPU
		{7224204A-104B-4967-8541-A0DDE2881826}.Debug|Any CPU.Build.0 = Debug|Any CPU
		{7224204A-104B-4967-8541-A0DDE2881826}.Release|Any CPU.ActiveCfg = Release|Any CPU
		{7224204A-104B-4967-8541-A0DDE2881826}.Release|Any CPU.Build.0 = Release|Any CPU
		{78757BF7-60E7-4646-A7E5-3D12C17AB111}.Debug|Any CPU.ActiveCfg = Debug|Any CPU
		{78757BF7-60E7-4646-A7E5-3D12C17AB111}.Debug|Any CPU.Build.0 = Debug|Any CPU
		{78757BF7-60E7-4646-A7E5-3D12C17AB111}.Release|Any CPU.ActiveCfg = Release|Any CPU
		{78757BF7-60E7-4646-A7E5-3D12C17AB111}.Release|Any CPU.Build.0 = Release|Any CPU
		{AABDDE00-021D-40B4-AD02-71DD3385E4F5}.Debug|Any CPU.ActiveCfg = Debug|Any CPU
		{AABDDE00-021D-40B4-AD02-71DD3385E4F5}.Debug|Any CPU.Build.0 = Debug|Any CPU
		{AABDDE00-021D-40B4-AD02-71DD3385E4F5}.Release|Any CPU.ActiveCfg = Release|Any CPU
		{AABDDE00-021D-40B4-AD02-71DD3385E4F5}.Release|Any CPU.Build.0 = Release|Any CPU
	EndGlobalSection
	GlobalSection(SolutionProperties) = preSolution
		HideSolutionNode = FALSE
	EndGlobalSection
	GlobalSection(ExtensibilityGlobals) = postSolution
		SolutionGuid = {4428662C-A33C-4DE9-B263-F8B13AB5F376}
	EndGlobalSection
EndGlobal
