
Microsoft Visual Studio Solution File, Format Version 12.00
# Visual Studio 15
VisualStudioVersion = 15.0.33026.149
MinimumVisualStudioVersion = 10.0.40219.1
Project("{FAE04EC0-301F-11D3-BF4B-00C04F79EFBC}") = "Condition Statements", "Condition Statements\Condition Statements.csproj", "{15CA6954-22B2-4A31-A542-D62067ED9C2A}"
EndProject
Project("{FAE04EC0-301F-11D3-BF4B-00C04F79EFBC}") = "HomeworkSolutionsOfVariables", "HomeworkSolutionsOfVariables\HomeworkSolutionsOfVariables.csproj", "{2459A81A-4913-4CEA-AA6C-A7B478AC1576}"
EndProject
Global
	GlobalSection(SolutionConfigurationPlatforms) = preSolution
		Debug|Any CPU = Debug|Any CPU
		Release|Any CPU = Release|Any CPU
	EndGlobalSection
	GlobalSection(ProjectConfigurationPlatforms) = postSolution
		{15CA6954-22B2-4A31-A542-D62067ED9C2A}.Debug|Any CPU.ActiveCfg = Debug|Any CPU
		{15CA6954-22B2-4A31-A542-D62067ED9C2A}.Debug|Any CPU.Build.0 = Debug|Any CPU
		{15CA6954-22B2-4A31-A542-D62067ED9C2A}.Release|Any CPU.ActiveCfg = Release|Any CPU
		{15CA6954-22B2-4A31-A542-D62067ED9C2A}.Release|Any CPU.Build.0 = Release|Any CPU
		{2459A81A-4913-4CEA-AA6C-A7B478AC1576}.Debug|Any CPU.ActiveCfg = Debug|Any CPU
		{2459A81A-4913-4CEA-AA6C-A7B478AC1576}.Debug|Any CPU.Build.0 = Debug|Any CPU
		{2459A81A-4913-4CEA-AA6C-A7B478AC1576}.Release|Any CPU.ActiveCfg = Release|Any CPU
		{2459A81A-4913-4CEA-AA6C-A7B478AC1576}.Release|Any CPU.Build.0 = Release|Any CPU
	EndGlobalSection
	GlobalSection(SolutionProperties) = preSolution
		HideSolutionNode = FALSE
	EndGlobalSection
	GlobalSection(ExtensibilityGlobals) = postSolution
		SolutionGuid = {8B0B50D0-1EF7-41AE-8A61-2A7690367482}
	EndGlobalSection
EndGlobal
