
Microsoft Visual Studio Solution File, Format Version 12.00
# Visual Studio 15
VisualStudioVersion = 15.0.33026.149
MinimumVisualStudioVersion = 10.0.40219.1
Project("{FAE04EC0-301F-11D3-BF4B-00C04F79EFBC}") = "MethodsPart1", "MethodsPart1\MethodsPart1.csproj", "{2C4D428C-A30B-4576-8600-6B09997A1C42}"
EndProject
Project("{FAE04EC0-301F-11D3-BF4B-00C04F79EFBC}") = "MathOperations", "MathOperations\MathOperations.csproj", "{AC712791-B2E5-48A4-BD9F-6AA60A788F77}"
EndProject
Project("{FAE04EC0-301F-11D3-BF4B-00C04F79EFBC}") = "Homeworks", "Homeworks\Homeworks.csproj", "{53501BB3-4C45-4E48-A8C4-F87082CFB89F}"
EndProject
Global
	GlobalSection(SolutionConfigurationPlatforms) = preSolution
		Debug|Any CPU = Debug|Any CPU
		Release|Any CPU = Release|Any CPU
	EndGlobalSection
	GlobalSection(ProjectConfigurationPlatforms) = postSolution
		{2C4D428C-A30B-4576-8600-6B09997A1C42}.Debug|Any CPU.ActiveCfg = Debug|Any CPU
		{2C4D428C-A30B-4576-8600-6B09997A1C42}.Debug|Any CPU.Build.0 = Debug|Any CPU
		{2C4D428C-A30B-4576-8600-6B09997A1C42}.Release|Any CPU.ActiveCfg = Release|Any CPU
		{2C4D428C-A30B-4576-8600-6B09997A1C42}.Release|Any CPU.Build.0 = Release|Any CPU
		{AC712791-B2E5-48A4-BD9F-6AA60A788F77}.Debug|Any CPU.ActiveCfg = Debug|Any CPU
		{AC712791-B2E5-48A4-BD9F-6AA60A788F77}.Debug|Any CPU.Build.0 = Debug|Any CPU
		{AC712791-B2E5-48A4-BD9F-6AA60A788F77}.Release|Any CPU.ActiveCfg = Release|Any CPU
		{AC712791-B2E5-48A4-BD9F-6AA60A788F77}.Release|Any CPU.Build.0 = Release|Any CPU
		{53501BB3-4C45-4E48-A8C4-F87082CFB89F}.Debug|Any CPU.ActiveCfg = Debug|Any CPU
		{53501BB3-4C45-4E48-A8C4-F87082CFB89F}.Debug|Any CPU.Build.0 = Debug|Any CPU
		{53501BB3-4C45-4E48-A8C4-F87082CFB89F}.Release|Any CPU.ActiveCfg = Release|Any CPU
		{53501BB3-4C45-4E48-A8C4-F87082CFB89F}.Release|Any CPU.Build.0 = Release|Any CPU
	EndGlobalSection
	GlobalSection(SolutionProperties) = preSolution
		HideSolutionNode = FALSE
	EndGlobalSection
	GlobalSection(ExtensibilityGlobals) = postSolution
		SolutionGuid = {F8433DA4-A93D-4F3C-B930-D6B5BA7E23A3}
	EndGlobalSection
EndGlobal
