
Microsoft Visual Studio Solution File, Format Version 12.00
# Visual Studio 15
VisualStudioVersion = 15.0.33026.149
MinimumVisualStudioVersion = 10.0.40219.1
Project("{FAE04EC0-301F-11D3-BF4B-00C04F79EFBC}") = "VariablesAndDataTypes", "VariablesAndDataTypes\VariablesAndDataTypes.csproj", "{4E9E23DA-A44E-4647-AF38-BB4A3D4EDE6E}"
EndProject
Project("{FAE04EC0-301F-11D3-BF4B-00C04F79EFBC}") = "Homework", "Homework\Homework.csproj", "{41A28A0C-58FE-4A65-A71F-96F45DEF9078}"
EndProject
Global
	GlobalSection(SolutionConfigurationPlatforms) = preSolution
		Debug|Any CPU = Debug|Any CPU
		Release|Any CPU = Release|Any CPU
	EndGlobalSection
	GlobalSection(ProjectConfigurationPlatforms) = postSolution
		{4E9E23DA-A44E-4647-AF38-BB4A3D4EDE6E}.Debug|Any CPU.ActiveCfg = Debug|Any CPU
		{4E9E23DA-A44E-4647-AF38-BB4A3D4EDE6E}.Debug|Any CPU.Build.0 = Debug|Any CPU
		{4E9E23DA-A44E-4647-AF38-BB4A3D4EDE6E}.Release|Any CPU.ActiveCfg = Release|Any CPU
		{4E9E23DA-A44E-4647-AF38-BB4A3D4EDE6E}.Release|Any CPU.Build.0 = Release|Any CPU
		{41A28A0C-58FE-4A65-A71F-96F45DEF9078}.Debug|Any CPU.ActiveCfg = Debug|Any CPU
		{41A28A0C-58FE-4A65-A71F-96F45DEF9078}.Debug|Any CPU.Build.0 = Debug|Any CPU
		{41A28A0C-58FE-4A65-A71F-96F45DEF9078}.Release|Any CPU.ActiveCfg = Release|Any CPU
		{41A28A0C-58FE-4A65-A71F-96F45DEF9078}.Release|Any CPU.Build.0 = Release|Any CPU
	EndGlobalSection
	GlobalSection(SolutionProperties) = preSolution
		HideSolutionNode = FALSE
	EndGlobalSection
	GlobalSection(ExtensibilityGlobals) = postSolution
		SolutionGuid = {6CEE35B6-52DD-4059-95D2-5B2382DF4DC8}
	EndGlobalSection
EndGlobal
