
Microsoft Visual Studio Solution File, Format Version 12.00
# Visual Studio 15
VisualStudioVersion = 15.0.33026.149
MinimumVisualStudioVersion = 10.0.40219.1
Project("{FAE04EC0-301F-11D3-BF4B-00C04F79EFBC}") = "Collections", "Collections\Collections.csproj", "{1B5C2A0E-845F-47FD-BBBC-308522BE5C82}"
EndProject
Project("{FAE04EC0-301F-11D3-BF4B-00C04F79EFBC}") = "ArraysHomework", "ArraysHomework\ArraysHomework.csproj", "{9053AE00-2CDE-43F2-BE42-6586112EB52E}"
EndProject
Global
	GlobalSection(SolutionConfigurationPlatforms) = preSolution
		Debug|Any CPU = Debug|Any CPU
		Release|Any CPU = Release|Any CPU
	EndGlobalSection
	GlobalSection(ProjectConfigurationPlatforms) = postSolution
		{1B5C2A0E-845F-47FD-BBBC-308522BE5C82}.Debug|Any CPU.ActiveCfg = Debug|Any CPU
		{1B5C2A0E-845F-47FD-BBBC-308522BE5C82}.Debug|Any CPU.Build.0 = Debug|Any CPU
		{1B5C2A0E-845F-47FD-BBBC-308522BE5C82}.Release|Any CPU.ActiveCfg = Release|Any CPU
		{1B5C2A0E-845F-47FD-BBBC-308522BE5C82}.Release|Any CPU.Build.0 = Release|Any CPU
		{9053AE00-2CDE-43F2-BE42-6586112EB52E}.Debug|Any CPU.ActiveCfg = Debug|Any CPU
		{9053AE00-2CDE-43F2-BE42-6586112EB52E}.Debug|Any CPU.Build.0 = Debug|Any CPU
		{9053AE00-2CDE-43F2-BE42-6586112EB52E}.Release|Any CPU.ActiveCfg = Release|Any CPU
		{9053AE00-2CDE-43F2-BE42-6586112EB52E}.Release|Any CPU.Build.0 = Release|Any CPU
	EndGlobalSection
	GlobalSection(SolutionProperties) = preSolution
		HideSolutionNode = FALSE
	EndGlobalSection
	GlobalSection(ExtensibilityGlobals) = postSolution
		SolutionGuid = {6A123211-89F5-4DE1-B704-18D84E45949A}
	EndGlobalSection
EndGlobal
