
Microsoft Visual Studio Solution File, Format Version 12.00
# Visual Studio 15
VisualStudioVersion = 15.0.33026.149
MinimumVisualStudioVersion = 10.0.40219.1
Project("{FAE04EC0-301F-11D3-BF4B-00C04F79EFBC}") = "Arrays", "Arrays\Arrays.csproj", "{47C3C2CD-A18A-44BA-B8ED-B35DEE276079}"
EndProject
Project("{FAE04EC0-301F-11D3-BF4B-00C04F79EFBC}") = "LoopsHomeworks", "LoopsHomeworks\LoopsHomeworks.csproj", "{BB81A1F8-CCD4-4102-96D5-A5DA3AF9978C}"
EndProject
Project("{FAE04EC0-301F-11D3-BF4B-00C04F79EFBC}") = "Homeworks", "Homeworks\Homeworks.csproj", "{A5FD6C65-96A2-403F-8D41-1E08D9F6647A}"
EndProject
Global
	GlobalSection(SolutionConfigurationPlatforms) = preSolution
		Debug|Any CPU = Debug|Any CPU
		Release|Any CPU = Release|Any CPU
	EndGlobalSection
	GlobalSection(ProjectConfigurationPlatforms) = postSolution
		{47C3C2CD-A18A-44BA-B8ED-B35DEE276079}.Debug|Any CPU.ActiveCfg = Debug|Any CPU
		{47C3C2CD-A18A-44BA-B8ED-B35DEE276079}.Debug|Any CPU.Build.0 = Debug|Any CPU
		{47C3C2CD-A18A-44BA-B8ED-B35DEE276079}.Release|Any CPU.ActiveCfg = Release|Any CPU
		{47C3C2CD-A18A-44BA-B8ED-B35DEE276079}.Release|Any CPU.Build.0 = Release|Any CPU
		{BB81A1F8-CCD4-4102-96D5-A5DA3AF9978C}.Debug|Any CPU.ActiveCfg = Debug|Any CPU
		{BB81A1F8-CCD4-4102-96D5-A5DA3AF9978C}.Debug|Any CPU.Build.0 = Debug|Any CPU
		{BB81A1F8-CCD4-4102-96D5-A5DA3AF9978C}.Release|Any CPU.ActiveCfg = Release|Any CPU
		{BB81A1F8-CCD4-4102-96D5-A5DA3AF9978C}.Release|Any CPU.Build.0 = Release|Any CPU
		{A5FD6C65-96A2-403F-8D41-1E08D9F6647A}.Debug|Any CPU.ActiveCfg = Debug|Any CPU
		{A5FD6C65-96A2-403F-8D41-1E08D9F6647A}.Debug|Any CPU.Build.0 = Debug|Any CPU
		{A5FD6C65-96A2-403F-8D41-1E08D9F6647A}.Release|Any CPU.ActiveCfg = Release|Any CPU
		{A5FD6C65-96A2-403F-8D41-1E08D9F6647A}.Release|Any CPU.Build.0 = Release|Any CPU
	EndGlobalSection
	GlobalSection(SolutionProperties) = preSolution
		HideSolutionNode = FALSE
	EndGlobalSection
	GlobalSection(ExtensibilityGlobals) = postSolution
		SolutionGuid = {4C3F41AB-92AE-4ACF-8D08-920EB45E941E}
	EndGlobalSection
EndGlobal
