
Microsoft Visual Studio Solution File, Format Version 12.00
# Visual Studio 15
VisualStudioVersion = 15.0.33026.149
MinimumVisualStudioVersion = 10.0.40219.1
Project("{FAE04EC0-301F-11D3-BF4B-00C04F79EFBC}") = "VariablesPart 3 and Operators", "VariablesPart 3 and Operators\VariablesPart 3 and Operators.csproj", "{78952981-F58F-483E-B66B-E9FBB29A745C}"
EndProject
Project("{FAE04EC0-301F-11D3-BF4B-00C04F79EFBC}") = "Homework", "Homework\Homework.csproj", "{8DC942F5-A9C2-44B6-BBD5-016F404A0688}"
EndProject
Global
	GlobalSection(SolutionConfigurationPlatforms) = preSolution
		Debug|Any CPU = Debug|Any CPU
		Release|Any CPU = Release|Any CPU
	EndGlobalSection
	GlobalSection(ProjectConfigurationPlatforms) = postSolution
		{78952981-F58F-483E-B66B-E9FBB29A745C}.Debug|Any CPU.ActiveCfg = Debug|Any CPU
		{78952981-F58F-483E-B66B-E9FBB29A745C}.Debug|Any CPU.Build.0 = Debug|Any CPU
		{78952981-F58F-483E-B66B-E9FBB29A745C}.Release|Any CPU.ActiveCfg = Release|Any CPU
		{78952981-F58F-483E-B66B-E9FBB29A745C}.Release|Any CPU.Build.0 = Release|Any CPU
		{8DC942F5-A9C2-44B6-BBD5-016F404A0688}.Debug|Any CPU.ActiveCfg = Debug|Any CPU
		{8DC942F5-A9C2-44B6-BBD5-016F404A0688}.Debug|Any CPU.Build.0 = Debug|Any CPU
		{8DC942F5-A9C2-44B6-BBD5-016F404A0688}.Release|Any CPU.ActiveCfg = Release|Any CPU
		{8DC942F5-A9C2-44B6-BBD5-016F404A0688}.Release|Any CPU.Build.0 = Release|Any CPU
	EndGlobalSection
	GlobalSection(SolutionProperties) = preSolution
		HideSolutionNode = FALSE
	EndGlobalSection
	GlobalSection(ExtensibilityGlobals) = postSolution
		SolutionGuid = {3EB08757-16B8-4BA1-A690-4EB399D40391}
	EndGlobalSection
EndGlobal
