
Microsoft Visual Studio Solution File, Format Version 12.00
# Visual Studio 15
VisualStudioVersion = 15.0.33026.149
MinimumVisualStudioVersion = 10.0.40219.1
Project("{FAE04EC0-301F-11D3-BF4B-00C04F79EFBC}") = "VariablesAndDataTypesPart2", "VariablesAndDataTypesPart2\VariablesAndDataTypesPart2.csproj", "{F697EADC-3080-4D85-99BA-0F985ED4A7C7}"
EndProject
Project("{FAE04EC0-301F-11D3-BF4B-00C04F79EFBC}") = "Homework", "Homework\Homework.csproj", "{B35174B0-C05C-48A0-ACE5-BFB516C85232}"
EndProject
Global
	GlobalSection(SolutionConfigurationPlatforms) = preSolution
		Debug|Any CPU = Debug|Any CPU
		Release|Any CPU = Release|Any CPU
	EndGlobalSection
	GlobalSection(ProjectConfigurationPlatforms) = postSolution
		{F697EADC-3080-4D85-99BA-0F985ED4A7C7}.Debug|Any CPU.ActiveCfg = Debug|Any CPU
		{F697EADC-3080-4D85-99BA-0F985ED4A7C7}.Debug|Any CPU.Build.0 = Debug|Any CPU
		{F697EADC-3080-4D85-99BA-0F985ED4A7C7}.Release|Any CPU.ActiveCfg = Release|Any CPU
		{F697EADC-3080-4D85-99BA-0F985ED4A7C7}.Release|Any CPU.Build.0 = Release|Any CPU
		{B35174B0-C05C-48A0-ACE5-BFB516C85232}.Debug|Any CPU.ActiveCfg = Debug|Any CPU
		{B35174B0-C05C-48A0-ACE5-BFB516C85232}.Debug|Any CPU.Build.0 = Debug|Any CPU
		{B35174B0-C05C-48A0-ACE5-BFB516C85232}.Release|Any CPU.ActiveCfg = Release|Any CPU
		{B35174B0-C05C-48A0-ACE5-BFB516C85232}.Release|Any CPU.Build.0 = Release|Any CPU
	EndGlobalSection
	GlobalSection(SolutionProperties) = preSolution
		HideSolutionNode = FALSE
	EndGlobalSection
	GlobalSection(ExtensibilityGlobals) = postSolution
		SolutionGuid = {71B59CB3-72BB-4ED7-B845-4447F5CC6C8C}
	EndGlobalSection
EndGlobal
