
Microsoft Visual Studio Solution File, Format Version 12.00
# Visual Studio 15
VisualStudioVersion = 15.0.33026.149
MinimumVisualStudioVersion = 10.0.40219.1
Project("{FAE04EC0-301F-11D3-BF4B-00C04F79EFBC}") = "PracticeModule1", "PracticeModule1\PracticeModule1.csproj", "{E3605982-7C52-4093-BA5E-CFF3B18D404C}"
EndProject
Global
	GlobalSection(SolutionConfigurationPlatforms) = preSolution
		Debug|Any CPU = Debug|Any CPU
		Release|Any CPU = Release|Any CPU
	EndGlobalSection
	GlobalSection(ProjectConfigurationPlatforms) = postSolution
		{E3605982-7C52-4093-BA5E-CFF3B18D404C}.Debug|Any CPU.ActiveCfg = Debug|Any CPU
		{E3605982-7C52-4093-BA5E-CFF3B18D404C}.Debug|Any CPU.Build.0 = Debug|Any CPU
		{E3605982-7C52-4093-BA5E-CFF3B18D404C}.Release|Any CPU.ActiveCfg = Release|Any CPU
		{E3605982-7C52-4093-BA5E-CFF3B18D404C}.Release|Any CPU.Build.0 = Release|Any CPU
	EndGlobalSection
	GlobalSection(SolutionProperties) = preSolution
		HideSolutionNode = FALSE
	EndGlobalSection
	GlobalSection(ExtensibilityGlobals) = postSolution
		SolutionGuid = {93425955-44F3-4D39-B838-02A90F64C5A4}
	EndGlobalSection
EndGlobal
